{
  "name": "stream-sac",
  "version": "1.0.0",
  "lockfileVersion": 2,
  "requires": true,
  "packages": {
    "": {
      "name": "stream-sac",
      "version": "1.0.0",
      "license": "CC0-1.0",
      "dependencies": {
        "dom99": "*"
      },
      "devDependencies": {},
      "optionalDependencies": {
        "dom99": "^24.0.0"
      }
    },
    "node_modules/dom99": {
      "version": "24.0.0",
      "resolved": "https://registry.npmjs.org/dom99/-/dom99-24.0.0.tgz",
      "integrity": "sha512-1CJ4/aS70Mov4cGVCD2DMMibX12dUgSfByyszN6Axdpe3ZOGF5yjbXAorSFX6F02U0XJjcuxUSamqccefmKPKg==",
      "optional": true,
      "engines": {
        "node": ">=14.x"
      }
    }
  },
  "dependencies": {
    "dom99": {
      "version": "24.0.0",
      "resolved": "https://registry.npmjs.org/dom99/-/dom99-24.0.0.tgz",
      "integrity": "sha512-1CJ4/aS70Mov4cGVCD2DMMibX12dUgSfByyszN6Axdpe3ZOGF5yjbXAorSFX6F02U0XJjcuxUSamqccefmKPKg==",
      "optional": true
    }
  }
}
