{
  "name": "virstellung",
  "version": "2.0.1",
  "lockfileVersion": 2,
  "requires": true,
  "packages": {
    "": {
      "name": "virstellung",
      "version": "2.0.1",
      "license": "CC0-1.0",
      "dependencies": {
        "dom99": "25.0.0"
      },
      "optionalDependencies": {
        "dom99": "^25.0.0"
      }
    },
    "../github/DOM99": {
      "name": "dom99",
      "version": "25.0.0",
      "extraneous": true,
      "license": "BSL-1.0",
      "devDependencies": {
        "@rollup/plugin-commonjs": "^21.0.1",
        "@rollup/plugin-node-resolve": "^13.1.1",
        "bootstrap-css-only": "^4.4.1",
        "eslint": "^8.5.0",
        "eslint-config-red": "^1.9.0",
        "filesac": "^13.0.0",
        "highlight.js": "^11.3.1",
        "html-minifier": "^4.0.0",
        "jasmine-core": "^3.10.1",
        "jsdoc": "^3.6.7",
        "rollup": "^2.61.1",
        "rollup-plugin-terser": "^7.0.2",
        "serve": "^13.0.2",
        "utilsac": "^15.0.2"
      },
      "engines": {
        "node": ">=14.x"
      }
    },
    "node_modules/dom99": {
      "version": "25.0.0",
      "resolved": "https://registry.npmjs.org/dom99/-/dom99-25.0.0.tgz",
      "integrity": "sha512-f8oPfBV7E6+VXVEkMFxX7fPsZ4FogE5cuaHZZ8IopB+qjLyi4APR60dmPWOrIS9JtxlLBpbqXzhjVVEvLkOpzw==",
      "optional": true,
      "engines": {
        "node": ">=14.x"
      }
    }
  },
  "dependencies": {
    "dom99": {
      "version": "25.0.0",
      "resolved": "https://registry.npmjs.org/dom99/-/dom99-25.0.0.tgz",
      "integrity": "sha512-f8oPfBV7E6+VXVEkMFxX7fPsZ4FogE5cuaHZZ8IopB+qjLyi4APR60dmPWOrIS9JtxlLBpbqXzhjVVEvLkOpzw==",
      "optional": true
    }
  }
}
